# This file is autogenerated and supposed to be committed to the git repository.
# Changing this file is not recommended and will likely break the build.

[conda]
_libgcc_mutex=0.1=conda_forge @ c37a1747
_openmp_mutex=4.5=2_gnu @ c37a1747
asttokens=2.4.1=pyhd8ed1ab_0 @ c7211bb6
aws-c-auth=0.7.31=h57bd9a3_0 @ ad241afe
aws-c-cal=0.7.4=hfd43aa1_1 @ ad241afe
aws-c-common=0.9.28=hb9d3cd8_0 @ ad241afe
aws-c-compression=0.2.19=h756ea98_1 @ ad241afe
aws-c-event-stream=0.4.3=h29ce20c_2 @ ad241afe
aws-c-http=0.8.10=h5e77a74_0 @ ad241afe
aws-c-io=0.14.18=h4e6ae90_11 @ ad241afe
aws-c-mqtt=0.10.7=h02abb05_0 @ ad241afe
aws-c-s3=0.6.6=h834ce55_0 @ ad241afe
aws-c-sdkutils=0.1.19=h756ea98_3 @ ad241afe
aws-checksums=0.1.20=h756ea98_0 @ ad241afe
aws-crt-cpp=0.28.3=h3e6eb3e_6 @ f5d61901
aws-sdk-cpp=1.11.407=h9f1560d_0 @ ad241afe
azure-core-cpp=1.13.0=h935415a_0 @ ad241afe
azure-identity-cpp=1.9.0=hd126650_0 @ ad241afe
azure-storage-blobs-cpp=12.13.0=h1d30c4a_0 @ ad241afe
azure-storage-common-cpp=12.8.0=ha3822c6_0 @ ad241afe
azure-storage-files-datalake-cpp=12.12.0=h0f25b8a_0 @ ad241afe
brotli-python=1.1.0=py312h2ec8cdc_2 @ ad241afe
bzip2=1.0.8=h4bc722e_7 @ 989a16c9
c-ares=1.33.1=heb4867d_0 @ 989a16c9
ca-certificates=2024.8.30=hbcca054_0 @ 989a16c9
certifi=2024.8.30=pyhd8ed1ab_0 @ 20c61ce0
cffi=1.17.1=py312h06ac9bb_0 @ ad241afe
charset-normalizer=3.3.2=pyhd8ed1ab_0 @ 20c61ce0
comm=0.2.2=pyhd8ed1ab_0 @ c7211bb6
conjure-python-client=2.8.0=pyhd8ed1ab_0 @ 20c61ce0
debugpy=1.8.6=py312h2ec8cdc_0 @ ad241afe
decorator=5.1.1=pyhd8ed1ab_0 @ 5a011d5e
exceptiongroup=1.2.2=pyhd8ed1ab_0 @ c7211bb6
executing=2.1.0=pyhd8ed1ab_0 @ c7211bb6
foundry-data-sidecar-api=0.719.0=py_0 @ 5a011d5e
foundry-transforms-lib-python=0.744.0=py_0 @ 5a011d5e
gflags=2.2.2=h5888daf_1005 @ 989a16c9
glog=0.7.1=hbabe93e_0 @ 989a16c9
h2=4.1.0=pyhd8ed1ab_0 @ 5a011d5e
hpack=4.0.0=pyh9f0ad1d_0 @ 5a011d5e
hyperframe=6.0.1=pyhd8ed1ab_0 @ 5a011d5e
icu=75.1=he02047a_0 @ 3c4a1d2c
idna=3.10=pyhd8ed1ab_0 @ 20c61ce0
importlib-metadata=8.5.0=pyha770c72_0 @ 81d6167d
ipykernel=6.29.5=pyh3099207_0 @ c7211bb6
ipython=8.28.0=pyh707e725_0 @ c7211bb6
jedi=0.19.1=pyhd8ed1ab_0 @ c7211bb6
jupyter_client=8.6.3=pyhd8ed1ab_0 @ c7211bb6
jupyter_core=5.7.2=pyh31011fe_1 @ c7211bb6
keyutils=1.6.1=h166bdaf_0 @ c37a1747
krb5=1.21.3=h659f571_0 @ 989a16c9
ld_impl_linux-64=2.43=h712a8e2_1 @ 989a16c9
libabseil=20240722.0=cxx17_h5888daf_1 @ ad241afe
libarrow=17.0.0=h364f349_19_cpu @ ad241afe
libarrow-acero=17.0.0=h5888daf_19_cpu @ ad241afe
libarrow-dataset=17.0.0=h5888daf_19_cpu @ ad241afe
libarrow-substrait=17.0.0=he882d9a_19_cpu @ ad241afe
libblas=3.9.0=24_linux64_openblas @ 989a16c9
libbrotlicommon=1.1.0=hb9d3cd8_2 @ 989a16c9
libbrotlidec=1.1.0=hb9d3cd8_2 @ 989a16c9
libbrotlienc=1.1.0=hb9d3cd8_2 @ 989a16c9
libcblas=3.9.0=24_linux64_openblas @ 989a16c9
libcrc32c=1.1.2=h9c3ff4c_0 @ c37a1747
libcurl=8.10.1=hbbe4b11_0 @ 989a16c9
libedit=3.1.20230828=h5eee18b_0 @ 3c4a1d2c
libev=4.33=hd590300_2 @ 989a16c9
libevent=2.1.12=hf998b51_1 @ 989a16c9
libexpat=2.6.3=h5888daf_0 @ 989a16c9
libffi=3.4.4=h6a678d5_1 @ 3c4a1d2c
libgcc=14.1.0=h77fa898_1 @ 989a16c9
libgcc-ng=14.1.0=h69a702a_1 @ 989a16c9
libgfortran=14.1.0=h69a702a_1 @ 989a16c9
libgfortran-ng=14.1.0=h69a702a_1 @ 989a16c9
libgfortran5=14.1.0=hc5f4f2c_1 @ 989a16c9
libgomp=14.1.0=h77fa898_1 @ 989a16c9
libgoogle-cloud=2.29.0=h438788a_1 @ ad241afe
libgoogle-cloud-storage=2.29.0=h0121fbd_1 @ ad241afe
libgrpc=1.65.5=hf5c653b_0 @ ad241afe
libiconv=1.17=hd590300_2 @ 989a16c9
liblapack=3.9.0=24_linux64_openblas @ 989a16c9
libnghttp2=1.58.0=h47da74e_1 @ 989a16c9
libnsl=2.0.1=hd590300_0 @ 989a16c9
libopenblas=0.3.27=pthreads_hac2b453_1 @ 989a16c9
libparquet=17.0.0=h6bd9018_19_cpu @ ad241afe
libprotobuf=5.27.5=h5b01275_2 @ ad241afe
libre2-11=2023.09.01=hbbce691_3 @ ad241afe
libsodium=1.0.20=h4ab18f5_0 @ e1c11c02
libsqlite=3.46.1=hadc24fc_0 @ 989a16c9
libssh2=1.11.0=h0841786_0 @ 989a16c9
libstdcxx=14.1.0=hc0a3c3a_1 @ 989a16c9
libstdcxx-ng=14.1.0=h4852527_1 @ 989a16c9
libthrift=0.21.0=h0e7cc3e_0 @ ad241afe
libutf8proc=2.8.0=h166bdaf_0 @ c37a1747
libuuid=2.38.1=h0b41bf4_0 @ 989a16c9
libxcrypt=4.4.36=hd590300_1 @ 989a16c9
libxml2=2.12.7=he7c6b58_4 @ 3c4a1d2c
libzlib=1.3.1=hb9d3cd8_2 @ 989a16c9
lz4-c=1.9.4=h6a678d5_1 @ 3c4a1d2c
matplotlib-inline=0.1.7=pyhd8ed1ab_0 @ c7211bb6
ncurses=6.5=he02047a_1 @ 989a16c9
nest-asyncio=1.6.0=pyhd8ed1ab_0 @ c7211bb6
numpy=2.1.2=py312h58c1407_0 @ ad241afe
openssl=3.3.2=hb9d3cd8_0 @ 989a16c9
orc=2.0.2=h690cf93_1 @ ad241afe
packaging=24.1=pyhd8ed1ab_0 @ 20c61ce0
pandas=2.2.3=py312hf9745cd_1 @ ad241afe
parso=0.8.4=pyhd8ed1ab_0 @ c7211bb6
pexpect=4.9.0=pyhd8ed1ab_0 @ c7211bb6
pickleshare=0.7.5=py_1003 @ fe451c34
pip=24.2=pyh8b19718_1 @ 20c61ce0
platformdirs=4.3.6=pyhd8ed1ab_0 @ c7211bb6
polars=1.9.0=py312hfe7c9be_0 @ ad241afe
prompt-toolkit=3.0.48=pyha770c72_0 @ c7211bb6
psutil=6.0.0=py312h66e93f0_1 @ ad241afe
ptyprocess=0.7.0=pyhd3deb0d_0 @ fe451c34
pure_eval=0.2.3=pyhd8ed1ab_0 @ c7211bb6
pyarrow=17.0.0=py312h9cebb41_1 @ ad241afe
pyarrow-core=17.0.0=py312h9cafe31_1_cpu @ ad241afe
pycparser=2.22=pyhd8ed1ab_0 @ 20c61ce0
pygments=2.18.0=pyhd8ed1ab_0 @ 20c61ce0
pysocks=1.7.1=pyha2e5f31_6 @ 5a011d5e
python=3.12.7=hc5c86c4_0_cpython @ ad241afe
python-dateutil=2.9.0=pyhd8ed1ab_0 @ 20c61ce0
python-tzdata=2024.2=pyhd8ed1ab_0 @ c7211bb6
python_abi=3.12=5_cp312 @ ad241afe
pytz=2024.1=pyhd8ed1ab_0 @ 20c61ce0
pyzmq=26.2.0=py312hbf22597_2 @ ad241afe
re2=2023.09.01=h77b4e00_3 @ ad241afe
readline=8.2=h8228510_1 @ 989a16c9
requests=2.32.3=pyhd8ed1ab_0 @ 20c61ce0
s2n=1.5.4=h1380c3d_0 @ ad241afe
setuptools=75.1.0=pyhd8ed1ab_0 @ 20c61ce0
six=1.16.0=pyhd3eb1b0_1 @ 20c61ce0
snappy=1.2.1=ha2e4443_0 @ e1c11c02
stack_data=0.6.2=pyhd8ed1ab_0 @ c7211bb6
tk=8.6.13=noxft_h4845f30_101 @ 989a16c9
tornado=6.4.1=py312h66e93f0_1 @ ad241afe
traitlets=5.14.3=pyhd8ed1ab_0 @ c7211bb6
typing_extensions=4.12.2=pyha770c72_0 @ 20c61ce0
tzdata=2024b=hc8b5060_0 @ 20c61ce0
urllib3=2.2.3=pyhd8ed1ab_0 @ 20c61ce0
wcwidth=0.2.13=pyhd8ed1ab_0 @ 20c61ce0
wheel=0.44.0=pyhd8ed1ab_0 @ 20c61ce0
xz=5.4.6=h5eee18b_1 @ 3c4a1d2c
zeromq=4.3.5=h3b0a872_6 @ f5d61901
zipp=3.20.2=pyhd8ed1ab_0 @ c7211bb6
zstandard=0.23.0=py312hef9b889_1 @ ad241afe
zstd=1.5.6=ha6fb4c9_0 @ 989a16c9

[pip]
brotli==1.1.0
jupyter-client==8.6.3
jupyter-core==5.7.2
pure-eval==0.2.3
stack-data==0.6.2
typing-extensions==4.12.2

[conda-metadata]
20c61ce0 - noarch @ conda @ ri.artifacts.repository.python-library.foundry-transforms-lib
3c4a1d2c - linux-64 @ conda @ ri.artifacts.repository.python-library.foundry-transforms-lib
5a011d5e - noarch @ tar.bz2 @ ri.artifacts.repository.python-library.foundry-transforms-lib
81d6167d - noarch @ conda @ ri.artifacts.repository.python-library.models
989a16c9 - linux-64 @ conda @ ri.artifacts.repository.python-library.models
ad241afe - linux-64 @ conda @ ri.artifacts.repository.artifactory.external-conda-forge
c37a1747 - linux-64 @ tar.bz2 @ ri.artifacts.repository.python-library.models
c7211bb6 - noarch @ conda @ ri.artifacts.repository.bundle.jupyter-default-environment
e1c11c02 - linux-64 @ conda @ ri.artifacts.repository.bundle.jupyter-default-environment
f5d61901 - linux-64 @ conda @ ri.stemma.main.repository.3b0f7376-fe2f-475a-8eda-46fc3fc268ee
fe451c34 - noarch @ tar.bz2 @ ri.artifacts.repository.bundle.jupyter-default-environment

[pip-indices]
ri.artifacts.repository.artifactory.external-python-pypi
ri.foundry-sdk-asset-bundle.main.artifacts.repository
ri.stemma.main.repository.3b0f7376-fe2f-475a-8eda-46fc3fc268ee

[conda lock version]
v3 - e88fff4e9a2004b107f75b9e6ba0392490806360b0c35c654ab01f6e5d207cc8
