# This file is autogenerated and supposed to be committed to the git repository.
# Changing this file is not recommended and will likely break the build.

[conda]
_libgcc_mutex=0.1=conda_forge @ 16fe1c80
_openmp_mutex=4.5=2_gnu @ 16fe1c80
asttokens=3.0.0=pyhd8ed1ab_1 @ c7211bb6
aws-c-auth=0.8.0=hb88c0a9_10 @ ad241afe
aws-c-cal=0.8.0=hecf86a2_2 @ ad241afe
aws-c-common=0.10.3=hb9d3cd8_0 @ ad241afe
aws-c-compression=0.3.0=hf42f96a_2 @ ad241afe
aws-c-event-stream=0.5.0=h1ffe551_7 @ ad241afe
aws-c-http=0.9.1=hab05fe4_2 @ ad241afe
aws-c-io=0.15.2=hdeadb07_2 @ ad241afe
aws-c-mqtt=0.11.0=h7bd072d_8 @ ad241afe
aws-c-s3=0.7.4=h3a84f74_0 @ ad241afe
aws-c-sdkutils=0.2.1=hf42f96a_1 @ ad241afe
aws-checksums=0.2.2=hf42f96a_1 @ ad241afe
aws-crt-cpp=0.29.6=h159bff8_2 @ ad241afe
aws-sdk-cpp=1.11.449=h5558e3c_4 @ ad241afe
azure-core-cpp=1.14.0=h5cfcd09_0 @ 989a16c9
azure-identity-cpp=1.10.0=h113e628_0 @ 989a16c9
azure-storage-blobs-cpp=12.13.0=h3cf044e_1 @ 989a16c9
azure-storage-common-cpp=12.8.0=h736e048_1 @ 989a16c9
azure-storage-files-datalake-cpp=12.12.0=ha633028_1 @ 989a16c9
brotli-python=1.1.0=py313h46c70d0_2 @ ad241afe
bzip2=1.0.8=h4bc722e_7 @ e1c11c02
c-ares=1.34.4=hb9d3cd8_0 @ e1c11c02
ca-certificates=2024.12.14=hbcca054_0 @ e1c11c02
certifi=2024.12.14=pyhd8ed1ab_0 @ 20c61ce0
cffi=1.17.1=py313hfab6e84_0 @ ad241afe
charset-normalizer=3.4.0=pyhd8ed1ab_1 @ 20c61ce0
comm=0.2.2=pyhd8ed1ab_1 @ c7211bb6
conjure-python-client=2.12.0=pyhd8ed1ab_0 @ 20c61ce0
debugpy=1.8.11=py313h46c70d0_0 @ ad241afe
decorator=5.1.1=pyhd8ed1ab_1 @ c7211bb6
duckdb=1.1.3=hd8ed1ab_0 @ 931c1ab2
exceptiongroup=1.2.2=pyhd8ed1ab_1 @ c7211bb6
executing=2.1.0=pyhd8ed1ab_1 @ c7211bb6
foundry-data-sidecar-api=0.745.0=py_0 @ 5a011d5e
foundry-transforms-lib-python=0.769.0=py_0 @ 5a011d5e
gettext=0.22.5=he02047a_3 @ e1c11c02
gettext-tools=0.22.5=he02047a_3 @ e1c11c02
gflags=2.2.2=h5888daf_1005 @ e1c11c02
glog=0.7.1=hbabe93e_0 @ e1c11c02
h2=4.1.0=pyhd8ed1ab_1 @ 20c61ce0
hpack=4.0.0=pyhd8ed1ab_1 @ 20c61ce0
hyperframe=6.0.1=pyhd8ed1ab_1 @ 20c61ce0
idna=3.10=pyhd8ed1ab_1 @ 20c61ce0
importlib-metadata=8.5.0=pyha770c72_1 @ c7211bb6
ipykernel=6.29.5=pyh3099207_0 @ c7211bb6
ipython=8.31.0=pyh707e725_0 @ 931c1ab2
jedi=0.19.2=pyhd8ed1ab_1 @ c7211bb6
jupyter_client=8.6.3=pyhd8ed1ab_1 @ c7211bb6
jupyter_core=5.7.2=pyh31011fe_1 @ c7211bb6
keyutils=1.6.1=h166bdaf_0 @ 16fe1c80
krb5=1.21.3=h659f571_0 @ e1c11c02
ld_impl_linux-64=2.43=h712a8e2_2 @ e1c11c02
libabseil=20240722.0=cxx17_h5888daf_1 @ 989a16c9
libarrow=18.1.0=he15abb1_1_cpu @ ad241afe
libarrow-acero=18.1.0=h5888daf_1_cpu @ ad241afe
libarrow-dataset=18.1.0=h5888daf_1_cpu @ ad241afe
libarrow-substrait=18.1.0=h5c8f2c3_1_cpu @ ad241afe
libasprintf=0.22.5=he8f35ee_3 @ e1c11c02
libasprintf-devel=0.22.5=he8f35ee_3 @ e1c11c02
libblas=3.9.0=26_linux64_openblas @ e1c11c02
libbrotlicommon=1.1.0=hb9d3cd8_2 @ e1c11c02
libbrotlidec=1.1.0=hb9d3cd8_2 @ e1c11c02
libbrotlienc=1.1.0=hb9d3cd8_2 @ e1c11c02
libcblas=3.9.0=26_linux64_openblas @ e1c11c02
libcrc32c=1.1.2=h9c3ff4c_0 @ 16fe1c80
libcurl=8.11.1=h332b0f4_0 @ 3c4a1d2c
libedit=3.1.20230828=h5eee18b_0 @ 3c4a1d2c
libev=4.33=hd590300_2 @ e1c11c02
libevent=2.1.12=hf998b51_1 @ e1c11c02
libexpat=2.6.4=h5888daf_0 @ e1c11c02
libffi=3.4.4=h6a678d5_1 @ 3c4a1d2c
libgcc=14.2.0=h77fa898_1 @ e1c11c02
libgcc-ng=14.2.0=h69a702a_1 @ e1c11c02
libgettextpo=0.22.5=he02047a_3 @ e1c11c02
libgettextpo-devel=0.22.5=he02047a_3 @ e1c11c02
libgfortran=14.2.0=h69a702a_1 @ e1c11c02
libgfortran5=14.2.0=hd5240d6_1 @ e1c11c02
libgomp=14.2.0=h77fa898_1 @ e1c11c02
libgoogle-cloud=2.31.0=h804f50b_0 @ 989a16c9
libgoogle-cloud-storage=2.31.0=h0121fbd_0 @ 989a16c9
libgrpc=1.67.1=hc2c308b_0 @ 989a16c9
libiconv=1.17=hd590300_2 @ e1c11c02
liblapack=3.9.0=26_linux64_openblas @ e1c11c02
liblzma=5.6.3=hb9d3cd8_1 @ e1c11c02
libmpdec=4.0.0=h4bc722e_0 @ ad241afe
libnghttp2=1.64.0=h161d5f1_0 @ 3c4a1d2c
libopenblas=0.3.28=pthreads_h94d23a6_1 @ e1c11c02
libparquet=18.1.0=h6bd9018_1_cpu @ ad241afe
libprotobuf=5.28.2=h5b01275_0 @ 989a16c9
libre2-11=2024.07.02=hbbce691_1 @ 989a16c9
libsodium=1.0.20=h4ab18f5_0 @ e1c11c02
libsqlite=3.47.2=hee588c1_0 @ 3c4a1d2c
libssh2=1.11.1=hf672d98_0 @ 3c4a1d2c
libstdcxx=14.2.0=hc0a3c3a_1 @ e1c11c02
libstdcxx-ng=14.2.0=h4852527_1 @ e1c11c02
libthrift=0.21.0=h0e7cc3e_0 @ 989a16c9
libutf8proc=2.8.0=hf23e847_1 @ e1c11c02
libuuid=2.38.1=h0b41bf4_0 @ e1c11c02
libxcb=1.17.0=h8a09558_0 @ ad241afe
libxcrypt=4.4.36=hd590300_1 @ 3c4a1d2c
libxml2=2.13.5=h0d44e9d_1 @ 3c4a1d2c
libxslt=1.1.39=h76b75d6_0 @ ad241afe
libzlib=1.3.1=hb9d3cd8_2 @ 3c4a1d2c
lxml=5.3.0=py313h6eb7059_2 @ ad241afe
lz4-c=1.9.4=h6a678d5_1 @ 3c4a1d2c
matplotlib-inline=0.1.7=pyhd8ed1ab_1 @ c7211bb6
ncurses=6.5=he02047a_1 @ 3c4a1d2c
nest-asyncio=1.6.0=pyhd8ed1ab_1 @ c7211bb6
numpy=2.2.1=py313hb30382a_0 @ ad241afe
openssl=3.4.0=hb9d3cd8_0 @ e1c11c02
orc=2.0.3=he039a57_0 @ 989a16c9
packaging=24.2=pyhd8ed1ab_2 @ 20c61ce0
pandas=2.2.3=py313ha87cce1_1 @ ad241afe
parso=0.8.4=pyhd8ed1ab_1 @ c7211bb6
perl=5.32.1=7_hd590300_perl5 @ ad241afe
pexpect=4.9.0=pyhd8ed1ab_1 @ c7211bb6
pickleshare=0.7.5=pyhd8ed1ab_1004 @ c7211bb6
pip=24.3.1=pyh145f28c_2 @ 931c1ab2
platformdirs=4.3.6=pyhd8ed1ab_1 @ 30311944
polars=1.17.1=py313hae41bca_0 @ ad241afe
prompt-toolkit=3.0.48=pyha770c72_1 @ c7211bb6
psutil=6.1.0=py313h536fd9c_0 @ ad241afe
pthread-stubs=0.4=hb9d3cd8_1002 @ e1c11c02
ptyprocess=0.7.0=pyhd8ed1ab_1 @ c7211bb6
pure_eval=0.2.3=pyhd8ed1ab_1 @ c7211bb6
pyarrow=18.1.0=py313h78bf25f_0 @ ad241afe
pyarrow-core=18.1.0=py313he5f92c8_0_cpu @ ad241afe
pycparser=2.22=pyh29332c3_1 @ 20c61ce0
pygments=2.18.0=pyhd8ed1ab_1 @ c7211bb6
pysocks=1.7.1=pyha55dd90_7 @ 20c61ce0
python=3.13.1=ha99a958_102_cp313 @ ad241afe
python-dateutil=2.9.0.post0=pyhff2d567_1 @ 30311944
python-duckdb=1.1.3=py313h46c70d0_0 @ ad241afe
python-tzdata=2024.2=pyhd8ed1ab_1 @ c7211bb6
python_abi=3.13=5_cp313 @ ad241afe
pytz=2024.1=pyhd8ed1ab_0 @ 20c61ce0
pyzmq=26.2.0=py313h8e95178_3 @ ad241afe
re2=2024.07.02=h77b4e00_1 @ 989a16c9
readline=8.2=h8228510_1 @ 3c4a1d2c
requests=2.32.3=pyhd8ed1ab_1 @ 20c61ce0
s2n=1.5.9=h0fd0ee4_0 @ ad241afe
six=1.17.0=pyhd8ed1ab_0 @ 30311944
snappy=1.2.1=h8bd8927_1 @ e1c11c02
stack_data=0.6.3=pyhd8ed1ab_1 @ c7211bb6
tk=8.6.13=noxft_h4845f30_101 @ e1c11c02
tornado=6.4.2=py313h536fd9c_0 @ ad241afe
traitlets=5.14.3=pyhd8ed1ab_1 @ c7211bb6
typeguard=4.4.1=pyhd8ed1ab_1 @ 931c1ab2
typing-extensions=4.12.2=hd8ed1ab_1 @ c7211bb6
typing_extensions=4.12.2=pyha770c72_1 @ 20c61ce0
tzdata=2024b=hc8b5060_0 @ 20c61ce0
urllib3=2.3.0=pyhd8ed1ab_0 @ 931c1ab2
vim=9.1.0946=py313pl5321h12a5995_0 @ ad241afe
wcwidth=0.2.13=pyhd8ed1ab_1 @ c7211bb6
xorg-libice=1.1.2=hb9d3cd8_0 @ e1c11c02
xorg-libsm=1.2.5=he73a12e_0 @ e1c11c02
xorg-libx11=1.8.10=h4f16b4b_1 @ ad241afe
xorg-libxau=1.0.12=hb9d3cd8_0 @ e1c11c02
xorg-libxdmcp=1.1.5=hb9d3cd8_0 @ e1c11c02
xorg-libxt=1.3.1=hb9d3cd8_0 @ ad241afe
zeromq=4.3.5=h3b0a872_7 @ e1c11c02
zipp=3.21.0=pyhd8ed1ab_1 @ c7211bb6
zstandard=0.23.0=py313h80202fe_1 @ ad241afe
zstd=1.5.6=ha6fb4c9_0 @ e1c11c02

[pip]
asttokens==3.0.0
attrs==24.3.0
brotli==1.1.0
diff==2023.12.6
executing==2.2.0
jupyter-client==8.6.3
jupyter-core==5.7.2
platformdirs==4.3.6
pure-eval==0.2.3
python-dateutil==2.9.0.post0
pyzmq==26.2.1
six==1.17.0
stack-data==0.6.3
tornado==6.4.2
traitlets==5.14.3
tzdata==2024.2

[conda-metadata]
16fe1c80 - linux-64 @ tar.bz2 @ ri.artifacts.repository.bundle.jupyter-default-environment
20c61ce0 - noarch @ conda @ ri.artifacts.repository.python-library.foundry-transforms-lib
30311944 - noarch @ conda @ ri.foundry-sdk-asset-bundle.main.artifacts.repository
3c4a1d2c - linux-64 @ conda @ ri.artifacts.repository.python-library.foundry-transforms-lib
5a011d5e - noarch @ tar.bz2 @ ri.artifacts.repository.python-library.foundry-transforms-lib
931c1ab2 - noarch @ conda @ ri.artifacts.repository.artifactory.external-conda-forge
989a16c9 - linux-64 @ conda @ ri.artifacts.repository.python-library.models
ad241afe - linux-64 @ conda @ ri.artifacts.repository.artifactory.external-conda-forge
c7211bb6 - noarch @ conda @ ri.artifacts.repository.bundle.jupyter-default-environment
e1c11c02 - linux-64 @ conda @ ri.artifacts.repository.bundle.jupyter-default-environment

[pip-indices]
ri.artifacts.repository.artifactory.external-python-pypi
ri.foundry-sdk-asset-bundle.main.artifacts.repository
ri.stemma.main.repository.3b0f7376-fe2f-475a-8eda-46fc3fc268ee

[cran-repos]
ri.stemma.main.repository.3b0f7376-fe2f-475a-8eda-46fc3fc268ee

[conda lock version]
v3 - 2f0b53b18869a4c49f1e5730a6095e6b90806360b0c35c654ab01f6e5d207cc8
